
Microsoft Visual Studio Solution File, Format Version 12.00
# Visual Studio Version 17
VisualStudioVersion = 17.4.33122.133
MinimumVisualStudioVersion = 10.0.40219.1
Project("{FAE04EC0-301F-11D3-BF4B-00C04F79EFBC}") = "BankATM", "BankATM\BankATM.csproj", "{92E566E8-D744-4CB6-95E8-F42525F47E4A}"
EndProject
Global
	GlobalSection(SolutionConfigurationPlatforms) = preSolution
		Debug|Any CPU = Debug|Any CPU
		Release|Any CPU = Release|Any CPU
	EndGlobalSection
	GlobalSection(ProjectConfigurationPlatforms) = postSolution
		{92E566E8-D744-4CB6-95E8-F42525F47E4A}.Debug|Any CPU.ActiveCfg = Debug|Any CPU
		{92E566E8-D744-4CB6-95E8-F42525F47E4A}.Debug|Any CPU.Build.0 = Debug|Any CPU
		{92E566E8-D744-4CB6-95E8-F42525F47E4A}.Release|Any CPU.ActiveCfg = Release|Any CPU
		{92E566E8-D744-4CB6-95E8-F42525F47E4A}.Release|Any CPU.Build.0 = Release|Any CPU
	EndGlobalSection
	GlobalSection(SolutionProperties) = preSolution
		HideSolutionNode = FALSE
	EndGlobalSection
	GlobalSection(ExtensibilityGlobals) = postSolution
		SolutionGuid = {BAAA59B5-54E6-44C4-88E4-CDDEA2DA4477}
	EndGlobalSection
EndGlobal
